
Microsoft Visual Studio Solution File, Format Version 12.00
# Visual Studio Version 16
VisualStudioVersion = 16.0.29411.108
MinimumVisualStudioVersion = 10.0.40219.1
Project("{FAE04EC0-301F-11D3-BF4B-00C04F79EFBC}") = "Sluiter-Asg10", "Sluiter-Asg10.csproj", "{237E2016-D1E8-4EE3-A931-3B783BC7CBC9}"
EndProject
Global
	GlobalSection(SolutionConfigurationPlatforms) = preSolution
		Debug|Any CPU = Debug|Any CPU
		Release|Any CPU = Release|Any CPU
	EndGlobalSection
	GlobalSection(ProjectConfigurationPlatforms) = postSolution
		{237E2016-D1E8-4EE3-A931-3B783BC7CBC9}.Debug|Any CPU.ActiveCfg = Debug|Any CPU
		{237E2016-D1E8-4EE3-A931-3B783BC7CBC9}.Debug|Any CPU.Build.0 = Debug|Any CPU
		{237E2016-D1E8-4EE3-A931-3B783BC7CBC9}.Release|Any CPU.ActiveCfg = Release|Any CPU
		{237E2016-D1E8-4EE3-A931-3B783BC7CBC9}.Release|Any CPU.Build.0 = Release|Any CPU
	EndGlobalSection
	GlobalSection(SolutionProperties) = preSolution
		HideSolutionNode = FALSE
	EndGlobalSection
	GlobalSection(ExtensibilityGlobals) = postSolution
		SolutionGuid = {4A20A51B-9119-4A90-9803-61B9067B4EAE}
	EndGlobalSection
EndGlobal
